
Microsoft Visual Studio Solution File, Format Version 12.00
# Visual Studio 15
VisualStudioVersion = 15.0.26403.7
MinimumVisualStudioVersion = 10.0.40219.1
Project("{FAE04EC0-301F-11D3-BF4B-00C04F79EFBC}") = "sequential_numbers", "sequential_numbers\sequential_numbers.csproj", "{1338B179-D061-49BD-951D-66834ECB4D9D}"
EndProject
Global
	GlobalSection(SolutionConfigurationPlatforms) = preSolution
		Debug|Any CPU = Debug|Any CPU
		Release|Any CPU = Release|Any CPU
	EndGlobalSection
	GlobalSection(ProjectConfigurationPlatforms) = postSolution
		{1338B179-D061-49BD-951D-66834ECB4D9D}.Debug|Any CPU.ActiveCfg = Debug|Any CPU
		{1338B179-D061-49BD-951D-66834ECB4D9D}.Debug|Any CPU.Build.0 = Debug|Any CPU
		{1338B179-D061-49BD-951D-66834ECB4D9D}.Release|Any CPU.ActiveCfg = Release|Any CPU
		{1338B179-D061-49BD-951D-66834ECB4D9D}.Release|Any CPU.Build.0 = Release|Any CPU
	EndGlobalSection
	GlobalSection(SolutionProperties) = preSolution
		HideSolutionNode = FALSE
	EndGlobalSection
EndGlobal
